// !$*UTF8*$!
{
	archiveVersion = 1;
	classes = {
	};
	objectVersion = 56;
	objects = {

/* Begin PBXBuildFile section */
		006718AD2AF84BD900AEA1CF /* AppDelegate.swift in Sources */ = {isa = PBXBuildFile; fileRef = 006718AC2AF84BD900AEA1CF /* AppDelegate.swift */; };
		006718AF2AF84BD900AEA1CF /* SceneDelegate.swift in Sources */ = {isa = PBXBuildFile; fileRef = 006718AE2AF84BD900AEA1CF /* SceneDelegate.swift */; };
		006718B12AF84BD900AEA1CF /* ViewController.swift in Sources */ = {isa = PBXBuildFile; fileRef = 006718B02AF84BD900AEA1CF /* ViewController.swift */; };
		006718B62AF84BDD00AEA1CF /* Assets.xcassets in Resources */ = {isa = PBXBuildFile; fileRef = 006718B52AF84BDD00AEA1CF /* Assets.xcassets */; };
		006718B92AF84BDD00AEA1CF /* LaunchScreen.storyboard in Resources */ = {isa = PBXBuildFile; fileRef = 006718B72AF84BDD00AEA1CF /* LaunchScreen.storyboard */; };
		006718C22AF8562200AEA1CF /* DiscoverController.swift in Sources */ = {isa = PBXBuildFile; fileRef = 006718C12AF8562200AEA1CF /* DiscoverController.swift */; };
		006718C42AF8570E00AEA1CF /* SearchController.swift in Sources */ = {isa = PBXBuildFile; fileRef = 006718C32AF8570E00AEA1CF /* SearchController.swift */; };
		006718C62AF8571E00AEA1CF /* SettingsController.swift in Sources */ = {isa = PBXBuildFile; fileRef = 006718C52AF8571E00AEA1CF /* SettingsController.swift */; };
/* End PBXBuildFile section */

/* Begin PBXFileReference section */
		006718A92AF84BD900AEA1CF /* App-Movie-Database.app */ = {isa = PBXFileReference; explicitFileType = wrapper.application; includeInIndex = 0; path = "App-Movie-Database.app"; sourceTree = BUILT_PRODUCTS_DIR; };
		006718AC2AF84BD900AEA1CF /* AppDelegate.swift */ = {isa = PBXFileReference; lastKnownFileType = sourcecode.swift; path = AppDelegate.swift; sourceTree = "<group>"; };
		006718AE2AF84BD900AEA1CF /* SceneDelegate.swift */ = {isa = PBXFileReference; lastKnownFileType = sourcecode.swift; path = SceneDelegate.swift; sourceTree = "<group>"; };
		006718B02AF84BD900AEA1CF /* ViewController.swift */ = {isa = PBXFileReference; lastKnownFileType = sourcecode.swift; path = ViewController.swift; sourceTree = "<group>"; };
		006718B52AF84BDD00AEA1CF /* Assets.xcassets */ = {isa = PBXFileReference; lastKnownFileType = folder.assetcatalog; path = Assets.xcassets; sourceTree = "<group>"; };
		006718B82AF84BDD00AEA1CF /* Base */ = {isa = PBXFileReference; lastKnownFileType = file.storyboard; name = Base; path = Base.lproj/LaunchScreen.storyboard; sourceTree = "<group>"; };
		006718BA2AF84BDD00AEA1CF /* Info.plist */ = {isa = PBXFileReference; lastKnownFileType = text.plist.xml; path = Info.plist; sourceTree = "<group>"; };
		006718C12AF8562200AEA1CF /* DiscoverController.swift */ = {isa = PBXFileReference; lastKnownFileType = sourcecode.swift; path = DiscoverController.swift; sourceTree = "<group>"; };
		006718C32AF8570E00AEA1CF /* SearchController.swift */ = {isa = PBXFileReference; lastKnownFileType = sourcecode.swift; path = SearchController.swift; sourceTree = "<group>"; };
		006718C52AF8571E00AEA1CF /* SettingsController.swift */ = {isa = PBXFileReference; lastKnownFileType = sourcecode.swift; path = SettingsController.swift; sourceTree = "<group>"; };
/* End PBXFileReference section */

/* Begin PBXFrameworksBuildPhase section */
		006718A62AF84BD900AEA1CF /* Frameworks */ = {
			isa = PBXFrameworksBuildPhase;
			buildActionMask = 2147483647;
			files = (
			);
			runOnlyForDeploymentPostprocessing = 0;
		};
/* End PBXFrameworksBuildPhase section */

/* Begin PBXGroup section */
		006718A02AF84BD900AEA1CF = {
			isa = PBXGroup;
			children = (
				006718C52AF8571E00AEA1CF /* SettingsController.swift */,
				006718C32AF8570E00AEA1CF /* SearchController.swift */,
				006718AB2AF84BD900AEA1CF /* App-Movie-Database */,
				006718AA2AF84BD900AEA1CF /* Products */,
			);
			sourceTree = "<group>";
		};
		006718AA2AF84BD900AEA1CF /* Products */ = {
			isa = PBXGroup;
			children = (
				006718A92AF84BD900AEA1CF /* App-Movie-Database.app */,
			);
			name = Products;
			sourceTree = "<group>";
		};
		006718AB2AF84BD900AEA1CF /* App-Movie-Database */ = {
			isa = PBXGroup;
			children = (
				006718C02AF8553400AEA1CF /* Supporting */,
				006718B02AF84BD900AEA1CF /* ViewController.swift */,
				006718C12AF8562200AEA1CF /* DiscoverController.swift */,
				006718BA2AF84BDD00AEA1CF /* Info.plist */,
			);
			path = "App-Movie-Database";
			sourceTree = "<group>";
		};
		006718C02AF8553400AEA1CF /* Supporting */ = {
			isa = PBXGroup;
			children = (
				006718B72AF84BDD00AEA1CF /* LaunchScreen.storyboard */,
				006718B52AF84BDD00AEA1CF /* Assets.xcassets */,
				006718AC2AF84BD900AEA1CF /* AppDelegate.swift */,
				006718AE2AF84BD900AEA1CF /* SceneDelegate.swift */,
			);
			path = Supporting;
			sourceTree = "<group>";
		};
/* End PBXGroup section */

/* Begin PBXNativeTarget section */
		006718A82AF84BD900AEA1CF /* App-Movie-Database */ = {
			isa = PBXNativeTarget;
			buildConfigurationList = 006718BD2AF84BDD00AEA1CF /* Build configuration list for PBXNativeTarget "App-Movie-Database" */;
			buildPhases = (
				006718A52AF84BD900AEA1CF /* Sources */,
				006718A62AF84BD900AEA1CF /* Frameworks */,
				006718A72AF84BD900AEA1CF /* Resources */,
			);
			buildRules = (
			);
			dependencies = (
			);
			name = "App-Movie-Database";
			productName = "App-Movie-Database";
			productReference = 006718A92AF84BD900AEA1CF /* App-Movie-Database.app */;
			productType = "com.apple.product-type.application";
		};
/* End PBXNativeTarget section */

/* Begin PBXProject section */
		006718A12AF84BD900AEA1CF /* Project object */ = {
			isa = PBXProject;
			attributes = {
				BuildIndependentTargetsInParallel = 1;
				LastSwiftUpdateCheck = 1430;
				LastUpgradeCheck = 1430;
				TargetAttributes = {
					006718A82AF84BD900AEA1CF = {
						CreatedOnToolsVersion = 14.3;
					};
				};
			};
			buildConfigurationList = 006718A42AF84BD900AEA1CF /* Build configuration list for PBXProject "App-Movie-Database" */;
			compatibilityVersion = "Xcode 14.0";
			developmentRegion = en;
			hasScannedForEncodings = 0;
			knownRegions = (
				en,
				Base,
			);
			mainGroup = 006718A02AF84BD900AEA1CF;
			productRefGroup = 006718AA2AF84BD900AEA1CF /* Products */;
			projectDirPath = "";
			projectRoot = "";
			targets = (
				006718A82AF84BD900AEA1CF /* App-Movie-Database */,
			);
		};
/* End PBXProject section */

/* Begin PBXResourcesBuildPhase section */
		006718A72AF84BD900AEA1CF /* Resources */ = {
			isa = PBXResourcesBuildPhase;
			buildActionMask = 2147483647;
			files = (
				006718B92AF84BDD00AEA1CF /* LaunchScreen.storyboard in Resources */,
				006718B62AF84BDD00AEA1CF /* Assets.xcassets in Resources */,
			);
			runOnlyForDeploymentPostprocessing = 0;
		};
/* End PBXResourcesBuildPhase section */

/* Begin PBXSourcesBuildPhase section */
		006718A52AF84BD900AEA1CF /* Sources */ = {
			isa = PBXSourcesBuildPhase;
			buildActionMask = 2147483647;
			files = (
				006718C62AF8571E00AEA1CF /* SettingsController.swift in Sources */,
				006718B12AF84BD900AEA1CF /* ViewController.swift in Sources */,
				006718C42AF8570E00AEA1CF /* SearchController.swift in Sources */,
				006718AD2AF84BD900AEA1CF /* AppDelegate.swift in Sources */,
				006718C22AF8562200AEA1CF /* DiscoverController.swift in Sources */,
				006718AF2AF84BD900AEA1CF /* SceneDelegate.swift in Sources */,
			);
			runOnlyForDeploymentPostprocessing = 0;
		};
/* End PBXSourcesBuildPhase section */

/* Begin PBXVariantGroup section */
		006718B72AF84BDD00AEA1CF /* LaunchScreen.storyboard */ = {
			isa = PBXVariantGroup;
			children = (
				006718B82AF84BDD00AEA1CF /* Base */,
			);
			name = LaunchScreen.storyboard;
			sourceTree = "<group>";
		};
/* End PBXVariantGroup section */

/* Begin XCBuildConfiguration section */
		006718BB2AF84BDD00AEA1CF /* Debug */ = {
			isa = XCBuildConfiguration;
			buildSettings = {
				ALWAYS_SEARCH_USER_PATHS = NO;
				CLANG_ANALYZER_NONNULL = YES;
				CLANG_ANALYZER_NUMBER_OBJECT_CONVERSION = YES_AGGRESSIVE;
				CLANG_CXX_LANGUAGE_STANDARD = "gnu++20";
				CLANG_ENABLE_MODULES = YES;
				CLANG_ENABLE_OBJC_ARC = YES;
				CLANG_ENABLE_OBJC_WEAK = YES;
				CLANG_WARN_BLOCK_CAPTURE_AUTORELEASING = YES;
				CLANG_WARN_BOOL_CONVERSION = YES;
				CLANG_WARN_COMMA = YES;
				CLANG_WARN_CONSTANT_CONVERSION = YES;
				CLANG_WARN_DEPRECATED_OBJC_IMPLEMENTATIONS = YES;
				CLANG_WARN_DIRECT_OBJC_ISA_USAGE = YES_ERROR;
				CLANG_WARN_DOCUMENTATION_COMMENTS = YES;
				CLANG_WARN_EMPTY_BODY = YES;
				CLANG_WARN_ENUM_CONVERSION = YES;
				CLANG_WARN_INFINITE_RECURSION = YES;
				CLANG_WARN_INT_CONVERSION = YES;
				CLANG_WARN_NON_LITERAL_NULL_CONVERSION = YES;
				CLANG_WARN_OBJC_IMPLICIT_RETAIN_SELF = YES;
				CLANG_WARN_OBJC_LITERAL_CONVERSION = YES;
				CLANG_WARN_OBJC_ROOT_CLASS = YES_ERROR;
				CLANG_WARN_QUOTED_INCLUDE_IN_FRAMEWORK_HEADER = YES;
				CLANG_WARN_RANGE_LOOP_ANALYSIS = YES;
				CLANG_WARN_STRICT_PROTOTYPES = YES;
				CLANG_WARN_SUSPICIOUS_MOVE = YES;
				CLANG_WARN_UNGUARDED_AVAILABILITY = YES_AGGRESSIVE;
				CLANG_WARN_UNREACHABLE_CODE = YES;
				CLANG_WARN__DUPLICATE_METHOD_MATCH = YES;
				COPY_PHASE_STRIP = NO;
				DEBUG_INFORMATION_FORMAT = dwarf;
				ENABLE_STRICT_OBJC_MSGSEND = YES;
				ENABLE_TESTABILITY = YES;
				GCC_C_LANGUAGE_STANDARD = gnu11;
				GCC_DYNAMIC_NO_PIC = NO;
				GCC_NO_COMMON_BLOCKS = YES;
				GCC_OPTIMIZATION_LEVEL = 0;
				GCC_PREPROCESSOR_DEFINITIONS = (
					"DEBUG=1",
					"$(inherited)",
				);
				GCC_WARN_64_TO_32_BIT_CONVERSION = YES;
				GCC_WARN_ABOUT_RETURN_TYPE = YES_ERROR;
				GCC_WARN_UNDECLARED_SELECTOR = YES;
				GCC_WARN_UNINITIALIZED_AUTOS = YES_AGGRESSIVE;
				GCC_WARN_UNUSED_FUNCTION = YES;
				GCC_WARN_UNUSED_VARIABLE = YES;
				IPHONEOS_DEPLOYMENT_TARGET = 13.0;
				MTL_ENABLE_DEBUG_INFO = INCLUDE_SOURCE;
				MTL_FAST_MATH = YES;
				ONLY_ACTIVE_ARCH = YES;
				SDKROOT = iphoneos;
				SWIFT_ACTIVE_COMPILATION_CONDITIONS = DEBUG;
				SWIFT_OPTIMIZATION_LEVEL = "-Onone";
			};
			name = Debug;
		};
		006718BC2AF84BDD00AEA1CF /* Release */ = {
			isa = XCBuildConfiguration;
			buildSettings = {
				ALWAYS_SEARCH_USER_PATHS = NO;
				CLANG_ANALYZER_NONNULL = YES;
				CLANG_ANALYZER_NUMBER_OBJECT_CONVERSION = YES_AGGRESSIVE;
				CLANG_CXX_LANGUAGE_STANDARD = "gnu++20";
				CLANG_ENABLE_MODULES = YES;
				CLANG_ENABLE_OBJC_ARC = YES;
				CLANG_ENABLE_OBJC_WEAK = YES;
				CLANG_WARN_BLOCK_CAPTURE_AUTORELEASING = YES;
				CLANG_WARN_BOOL_CONVERSION = YES;
				CLANG_WARN_COMMA = YES;
				CLANG_WARN_CONSTANT_CONVERSION = YES;
				CLANG_WARN_DEPRECATED_OBJC_IMPLEMENTATIONS = YES;
				CLANG_WARN_DIRECT_OBJC_ISA_USAGE = YES_ERROR;
				CLANG_WARN_DOCUMENTATION_COMMENTS = YES;
				CLANG_WARN_EMPTY_BODY = YES;
				CLANG_WARN_ENUM_CONVERSION = YES;
				CLANG_WARN_INFINITE_RECURSION = YES;
				CLANG_WARN_INT_CONVERSION = YES;
				CLANG_WARN_NON_LITERAL_NULL_CONVERSION = YES;
				CLANG_WARN_OBJC_IMPLICIT_RETAIN_SELF = YES;
				CLANG_WARN_OBJC_LITERAL_CONVERSION = YES;
				CLANG_WARN_OBJC_ROOT_CLASS = YES_ERROR;
				CLANG_WARN_QUOTED_INCLUDE_IN_FRAMEWORK_HEADER = YES;
				CLANG_WARN_RANGE_LOOP_ANALYSIS = YES;
				CLANG_WARN_STRICT_PROTOTYPES = YES;
				CLANG_WARN_SUSPICIOUS_MOVE = YES;
				CLANG_WARN_UNGUARDED_AVAILABILITY = YES_AGGRESSIVE;
				CLANG_WARN_UNREACHABLE_CODE = YES;
				CLANG_WARN__DUPLICATE_METHOD_MATCH = YES;
				COPY_PHASE_STRIP = NO;
				DEBUG_INFORMATION_FORMAT = "dwarf-with-dsym";
				ENABLE_NS_ASSERTIONS = NO;
				ENABLE_STRICT_OBJC_MSGSEND = YES;
				GCC_C_LANGUAGE_STANDARD = gnu11;
				GCC_NO_COMMON_BLOCKS = YES;
				GCC_WARN_64_TO_32_BIT_CONVERSION = YES;
				GCC_WARN_ABOUT_RETURN_TYPE = YES_ERROR;
				GCC_WARN_UNDECLARED_SELECTOR = YES;
				GCC_WARN_UNINITIALIZED_AUTOS = YES_AGGRESSIVE;
				GCC_WARN_UNUSED_FUNCTION = YES;
				GCC_WARN_UNUSED_VARIABLE = YES;
				IPHONEOS_DEPLOYMENT_TARGET = 13.0;
				MTL_ENABLE_DEBUG_INFO = NO;
				MTL_FAST_MATH = YES;
				SDKROOT = iphoneos;
				SWIFT_COMPILATION_MODE = wholemodule;
				SWIFT_OPTIMIZATION_LEVEL = "-O";
				VALIDATE_PRODUCT = YES;
			};
			name = Release;
		};
		006718BE2AF84BDD00AEA1CF /* Debug */ = {
			isa = XCBuildConfiguration;
			buildSettings = {
				ASSETCATALOG_COMPILER_APPICON_NAME = AppIcon;
				ASSETCATALOG_COMPILER_GLOBAL_ACCENT_COLOR_NAME = AccentColor;
				CODE_SIGN_STYLE = Automatic;
				CURRENT_PROJECT_VERSION = 1;
				DEVELOPMENT_TEAM = MY3VW6H6Q6;
				GENERATE_INFOPLIST_FILE = YES;
				INFOPLIST_FILE = "App-Movie-Database/Info.plist";
				INFOPLIST_KEY_UIApplicationSupportsIndirectInputEvents = YES;
				INFOPLIST_KEY_UILaunchStoryboardName = LaunchScreen;
				INFOPLIST_KEY_UIMainStoryboardFile = Main;
				INFOPLIST_KEY_UISupportedInterfaceOrientations_iPad = "UIInterfaceOrientationPortrait UIInterfaceOrientationPortraitUpsideDown UIInterfaceOrientationLandscapeLeft UIInterfaceOrientationLandscapeRight";
				INFOPLIST_KEY_UISupportedInterfaceOrientations_iPhone = "UIInterfaceOrientationPortrait UIInterfaceOrientationLandscapeLeft UIInterfaceOrientationLandscapeRight";
				IPHONEOS_DEPLOYMENT_TARGET = 13.0;
				LD_RUNPATH_SEARCH_PATHS = (
					"$(inherited)",
					"@executable_path/Frameworks",
				);
				MARKETING_VERSION = 1.0;
				PRODUCT_BUNDLE_IDENTIFIER = "com.example.App-Movie-Database";
				PRODUCT_NAME = "$(TARGET_NAME)";
				SWIFT_EMIT_LOC_STRINGS = YES;
				SWIFT_VERSION = 5.0;
				TARGETED_DEVICE_FAMILY = "1,2";
			};
			name = Debug;
		};
		006718BF2AF84BDD00AEA1CF /* Release */ = {
			isa = XCBuildConfiguration;
			buildSettings = {
				ASSETCATALOG_COMPILER_APPICON_NAME = AppIcon;
				ASSETCATALOG_COMPILER_GLOBAL_ACCENT_COLOR_NAME = AccentColor;
				CODE_SIGN_STYLE = Automatic;
				CURRENT_PROJECT_VERSION = 1;
				DEVELOPMENT_TEAM = MY3VW6H6Q6;
				GENERATE_INFOPLIST_FILE = YES;
				INFOPLIST_FILE = "App-Movie-Database/Info.plist";
				INFOPLIST_KEY_UIApplicationSupportsIndirectInputEvents = YES;
				INFOPLIST_KEY_UILaunchStoryboardName = LaunchScreen;
				INFOPLIST_KEY_UIMainStoryboardFile = Main;
				INFOPLIST_KEY_UISupportedInterfaceOrientations_iPad = "UIInterfaceOrientationPortrait UIInterfaceOrientationPortraitUpsideDown UIInterfaceOrientationLandscapeLeft UIInterfaceOrientationLandscapeRight";
				INFOPLIST_KEY_UISupportedInterfaceOrientations_iPhone = "UIInterfaceOrientationPortrait UIInterfaceOrientationLandscapeLeft UIInterfaceOrientationLandscapeRight";
				IPHONEOS_DEPLOYMENT_TARGET = 13.0;
				LD_RUNPATH_SEARCH_PATHS = (
					"$(inherited)",
					"@executable_path/Frameworks",
				);
				MARKETING_VERSION = 1.0;
				PRODUCT_BUNDLE_IDENTIFIER = "com.example.App-Movie-Database";
				PRODUCT_NAME = "$(TARGET_NAME)";
				SWIFT_EMIT_LOC_STRINGS = YES;
				SWIFT_VERSION = 5.0;
				TARGETED_DEVICE_FAMILY = "1,2";
			};
			name = Release;
		};
/* End XCBuildConfiguration section */

/* Begin XCConfigurationList section */
		006718A42AF84BD900AEA1CF /* Build configuration list for PBXProject "App-Movie-Database" */ = {
			isa = XCConfigurationList;
			buildConfigurations = (
				006718BB2AF84BDD00AEA1CF /* Debug */,
				006718BC2AF84BDD00AEA1CF /* Release */,
			);
			defaultConfigurationIsVisible = 0;
			defaultConfigurationName = Release;
		};
		006718BD2AF84BDD00AEA1CF /* Build configuration list for PBXNativeTarget "App-Movie-Database" */ = {
			isa = XCConfigurationList;
			buildConfigurations = (
				006718BE2AF84BDD00AEA1CF /* Debug */,
				006718BF2AF84BDD00AEA1CF /* Release */,
			);
			defaultConfigurationIsVisible = 0;
			defaultConfigurationName = Release;
		};
/* End XCConfigurationList section */
	};
	rootObject = 006718A12AF84BD900AEA1CF /* Project object */;
}
